
Microsoft Visual Studio Solution File, Format Version 12.00
# Visual Studio Version 16
VisualStudioVersion = 16.0.31129.286
MinimumVisualStudioVersion = 10.0.40219.1
Project("{9A19103F-16F7-4668-BE54-9A1E7A4F7556}") = "Blazor.Server.Sample", "Blazor.Server.Sample\Blazor.Server.Sample.csproj", "{86453726-EB37-4C9A-B28A-CAED60104666}"
EndProject
Global
	GlobalSection(SolutionConfigurationPlatforms) = preSolution
		Debug|Any CPU = Debug|Any CPU
		Release|Any CPU = Release|Any CPU
	EndGlobalSection
	GlobalSection(ProjectConfigurationPlatforms) = postSolution
		{86453726-EB37-4C9A-B28A-CAED60104666}.Debug|Any CPU.ActiveCfg = Debug|Any CPU
		{86453726-EB37-4C9A-B28A-CAED60104666}.Debug|Any CPU.Build.0 = Debug|Any CPU
		{86453726-EB37-4C9A-B28A-CAED60104666}.Release|Any CPU.ActiveCfg = Release|Any CPU
		{86453726-EB37-4C9A-B28A-CAED60104666}.Release|Any CPU.Build.0 = Release|Any CPU
	EndGlobalSection
	GlobalSection(SolutionProperties) = preSolution
		HideSolutionNode = FALSE
	EndGlobalSection
	GlobalSection(ExtensibilityGlobals) = postSolution
		SolutionGuid = {5A921383-0215-4F6E-AC9D-6B51EEF6E101}
	EndGlobalSection
EndGlobal
